// !$*UTF8*$!
{
	archiveVersion = 1;
	classes = {
	};
	objectVersion = 55;
	objects = {

/* Begin PBXBuildFile section */
		368C40DD279EA33D00D79ECA /* AppDelegate.swift in Sources */ = {isa = PBXBuildFile; fileRef = 368C40DC279EA33D00D79ECA /* AppDelegate.swift */; };
		368C40DF279EA33D00D79ECA /* SceneDelegate.swift in Sources */ = {isa = PBXBuildFile; fileRef = 368C40DE279EA33D00D79ECA /* SceneDelegate.swift */; };
		368C40E6279EA34200D79ECA /* Assets.xcassets in Resources */ = {isa = PBXBuildFile; fileRef = 368C40E5279EA34200D79ECA /* Assets.xcassets */; };
		368C40E9279EA34200D79ECA /* LaunchScreen.storyboard in Resources */ = {isa = PBXBuildFile; fileRef = 368C40E7279EA34200D79ECA /* LaunchScreen.storyboard */; };
		368C40F2279EA4A200D79ECA /* .swiftlint.yml in Resources */ = {isa = PBXBuildFile; fileRef = 368C40F1279EA4A200D79ECA /* .swiftlint.yml */; };
		368C40F4279EA66300D79ECA /* RootTabBarController.swift in Sources */ = {isa = PBXBuildFile; fileRef = 368C40F3279EA66300D79ECA /* RootTabBarController.swift */; };
		368C40F8279EAA9E00D79ECA /* Localizable.strings in Resources */ = {isa = PBXBuildFile; fileRef = 368C40FA279EAA9E00D79ECA /* Localizable.strings */; };
		368C40FD279EAB4700D79ECA /* String+Extension.swift in Sources */ = {isa = PBXBuildFile; fileRef = 368C40FC279EAB4700D79ECA /* String+Extension.swift */; };
		4228F14C978DB977279E228D /* Pods_TranslatorKing.framework in Frameworks */ = {isa = PBXBuildFile; fileRef = 45BF655BEAF72202C8823673 /* Pods_TranslatorKing.framework */; };
/* End PBXBuildFile section */

/* Begin PBXFileReference section */
		368C40D9279EA33D00D79ECA /* TranslatorKing.app */ = {isa = PBXFileReference; explicitFileType = wrapper.application; includeInIndex = 0; path = TranslatorKing.app; sourceTree = BUILT_PRODUCTS_DIR; };
		368C40DC279EA33D00D79ECA /* AppDelegate.swift */ = {isa = PBXFileReference; lastKnownFileType = sourcecode.swift; path = AppDelegate.swift; sourceTree = "<group>"; };
		368C40DE279EA33D00D79ECA /* SceneDelegate.swift */ = {isa = PBXFileReference; lastKnownFileType = sourcecode.swift; path = SceneDelegate.swift; sourceTree = "<group>"; };
		368C40E5279EA34200D79ECA /* Assets.xcassets */ = {isa = PBXFileReference; lastKnownFileType = folder.assetcatalog; path = Assets.xcassets; sourceTree = "<group>"; };
		368C40E8279EA34200D79ECA /* Base */ = {isa = PBXFileReference; lastKnownFileType = file.storyboard; name = Base; path = Base.lproj/LaunchScreen.storyboard; sourceTree = "<group>"; };
		368C40EA279EA34200D79ECA /* Info.plist */ = {isa = PBXFileReference; lastKnownFileType = text.plist.xml; path = Info.plist; sourceTree = "<group>"; };
		368C40F1279EA4A200D79ECA /* .swiftlint.yml */ = {isa = PBXFileReference; lastKnownFileType = text.yaml; path = .swiftlint.yml; sourceTree = "<group>"; };
		368C40F3279EA66300D79ECA /* RootTabBarController.swift */ = {isa = PBXFileReference; lastKnownFileType = sourcecode.swift; path = RootTabBarController.swift; sourceTree = "<group>"; };
		368C40F5279EAA6000D79ECA /* ko */ = {isa = PBXFileReference; lastKnownFileType = text.plist.strings; name = ko; path = ko.lproj/LaunchScreen.strings; sourceTree = "<group>"; };
		368C40F9279EAA9E00D79ECA /* en */ = {isa = PBXFileReference; lastKnownFileType = text.plist.strings; name = en; path = en.lproj/Localizable.strings; sourceTree = "<group>"; };
		368C40FB279EAAA000D79ECA /* ko */ = {isa = PBXFileReference; lastKnownFileType = text.plist.strings; name = ko; path = ko.lproj/Localizable.strings; sourceTree = "<group>"; };
		368C40FC279EAB4700D79ECA /* String+Extension.swift */ = {isa = PBXFileReference; lastKnownFileType = sourcecode.swift; path = "String+Extension.swift"; sourceTree = "<group>"; };
		45BF655BEAF72202C8823673 /* Pods_TranslatorKing.framework */ = {isa = PBXFileReference; explicitFileType = wrapper.framework; includeInIndex = 0; path = Pods_TranslatorKing.framework; sourceTree = BUILT_PRODUCTS_DIR; };
		56B2FEBF4629E162BD3E78A2 /* Pods-TranslatorKing.debug.xcconfig */ = {isa = PBXFileReference; includeInIndex = 1; lastKnownFileType = text.xcconfig; name = "Pods-TranslatorKing.debug.xcconfig"; path = "Target Support Files/Pods-TranslatorKing/Pods-TranslatorKing.debug.xcconfig"; sourceTree = "<group>"; };
		CE2277B458CBE823C4A6F242 /* Pods-TranslatorKing.release.xcconfig */ = {isa = PBXFileReference; includeInIndex = 1; lastKnownFileType = text.xcconfig; name = "Pods-TranslatorKing.release.xcconfig"; path = "Target Support Files/Pods-TranslatorKing/Pods-TranslatorKing.release.xcconfig"; sourceTree = "<group>"; };
/* End PBXFileReference section */

/* Begin PBXFrameworksBuildPhase section */
		368C40D6279EA33D00D79ECA /* Frameworks */ = {
			isa = PBXFrameworksBuildPhase;
			buildActionMask = 2147483647;
			files = (
				4228F14C978DB977279E228D /* Pods_TranslatorKing.framework in Frameworks */,
			);
			runOnlyForDeploymentPostprocessing = 0;
		};
/* End PBXFrameworksBuildPhase section */

/* Begin PBXGroup section */
		368C40D0279EA33D00D79ECA = {
			isa = PBXGroup;
			children = (
				368C40F1279EA4A200D79ECA /* .swiftlint.yml */,
				368C40DB279EA33D00D79ECA /* TranslatorKing */,
				368C40DA279EA33D00D79ECA /* Products */,
				F2210B06A9FA7D6699A53821 /* Pods */,
				68F82311A37E41A0F648F559 /* Frameworks */,
			);
			sourceTree = "<group>";
		};
		368C40DA279EA33D00D79ECA /* Products */ = {
			isa = PBXGroup;
			children = (
				368C40D9279EA33D00D79ECA /* TranslatorKing.app */,
			);
			name = Products;
			sourceTree = "<group>";
		};
		368C40DB279EA33D00D79ECA /* TranslatorKing */ = {
			isa = PBXGroup;
			children = (
				368C40DC279EA33D00D79ECA /* AppDelegate.swift */,
				368C40DE279EA33D00D79ECA /* SceneDelegate.swift */,
				368C40FE279EAB4A00D79ECA /* Extension */,
				368C40FF279EAC0000D79ECA /* Scene */,
				368C40E5279EA34200D79ECA /* Assets.xcassets */,
				368C40E7279EA34200D79ECA /* LaunchScreen.storyboard */,
				368C40EA279EA34200D79ECA /* Info.plist */,
				368C40FA279EAA9E00D79ECA /* Localizable.strings */,
			);
			path = TranslatorKing;
			sourceTree = "<group>";
		};
		368C40FE279EAB4A00D79ECA /* Extension */ = {
			isa = PBXGroup;
			children = (
				368C40FC279EAB4700D79ECA /* String+Extension.swift */,
			);
			path = Extension;
			sourceTree = "<group>";
		};
		368C40FF279EAC0000D79ECA /* Scene */ = {
			isa = PBXGroup;
			children = (
				368C40F3279EA66300D79ECA /* RootTabBarController.swift */,
			);
			path = Scene;
			sourceTree = "<group>";
		};
		68F82311A37E41A0F648F559 /* Frameworks */ = {
			isa = PBXGroup;
			children = (
				45BF655BEAF72202C8823673 /* Pods_TranslatorKing.framework */,
			);
			name = Frameworks;
			sourceTree = "<group>";
		};
		F2210B06A9FA7D6699A53821 /* Pods */ = {
			isa = PBXGroup;
			children = (
				56B2FEBF4629E162BD3E78A2 /* Pods-TranslatorKing.debug.xcconfig */,
				CE2277B458CBE823C4A6F242 /* Pods-TranslatorKing.release.xcconfig */,
			);
			path = Pods;
			sourceTree = "<group>";
		};
/* End PBXGroup section */

/* Begin PBXNativeTarget section */
		368C40D8279EA33D00D79ECA /* TranslatorKing */ = {
			isa = PBXNativeTarget;
			buildConfigurationList = 368C40ED279EA34200D79ECA /* Build configuration list for PBXNativeTarget "TranslatorKing" */;
			buildPhases = (
				BF003451E1403C16485F9A50 /* [CP] Check Pods Manifest.lock */,
				368C40D5279EA33D00D79ECA /* Sources */,
				368C40D6279EA33D00D79ECA /* Frameworks */,
				368C40D7279EA33D00D79ECA /* Resources */,
				24B1F01BBD5E2A1AA392EAA0 /* [CP] Embed Pods Frameworks */,
				368C40F0279EA47A00D79ECA /* ShellScript */,
			);
			buildRules = (
			);
			dependencies = (
			);
			name = TranslatorKing;
			productName = TranslatorKing;
			productReference = 368C40D9279EA33D00D79ECA /* TranslatorKing.app */;
			productType = "com.apple.product-type.application";
		};
/* End PBXNativeTarget section */

/* Begin PBXProject section */
		368C40D1279EA33D00D79ECA /* Project object */ = {
			isa = PBXProject;
			attributes = {
				BuildIndependentTargetsInParallel = 1;
				LastSwiftUpdateCheck = 1320;
				LastUpgradeCheck = 1320;
				TargetAttributes = {
					368C40D8279EA33D00D79ECA = {
						CreatedOnToolsVersion = 13.2.1;
					};
				};
			};
			buildConfigurationList = 368C40D4279EA33D00D79ECA /* Build configuration list for PBXProject "TranslatorKing" */;
			compatibilityVersion = "Xcode 13.0";
			developmentRegion = en;
			hasScannedForEncodings = 0;
			knownRegions = (
				en,
				Base,
				ko,
			);
			mainGroup = 368C40D0279EA33D00D79ECA;
			productRefGroup = 368C40DA279EA33D00D79ECA /* Products */;
			projectDirPath = "";
			projectRoot = "";
			targets = (
				368C40D8279EA33D00D79ECA /* TranslatorKing */,
			);
		};
/* End PBXProject section */

/* Begin PBXResourcesBuildPhase section */
		368C40D7279EA33D00D79ECA /* Resources */ = {
			isa = PBXResourcesBuildPhase;
			buildActionMask = 2147483647;
			files = (
				368C40F2279EA4A200D79ECA /* .swiftlint.yml in Resources */,
				368C40F8279EAA9E00D79ECA /* Localizable.strings in Resources */,
				368C40E9279EA34200D79ECA /* LaunchScreen.storyboard in Resources */,
				368C40E6279EA34200D79ECA /* Assets.xcassets in Resources */,
			);
			runOnlyForDeploymentPostprocessing = 0;
		};
/* End PBXResourcesBuildPhase section */

/* Begin PBXShellScriptBuildPhase section */
		24B1F01BBD5E2A1AA392EAA0 /* [CP] Embed Pods Frameworks */ = {
			isa = PBXShellScriptBuildPhase;
			buildActionMask = 2147483647;
			files = (
			);
			inputFileListPaths = (
				"${PODS_ROOT}/Target Support Files/Pods-TranslatorKing/Pods-TranslatorKing-frameworks-${CONFIGURATION}-input-files.xcfilelist",
			);
			name = "[CP] Embed Pods Frameworks";
			outputFileListPaths = (
				"${PODS_ROOT}/Target Support Files/Pods-TranslatorKing/Pods-TranslatorKing-frameworks-${CONFIGURATION}-output-files.xcfilelist",
			);
			runOnlyForDeploymentPostprocessing = 0;
			shellPath = /bin/sh;
			shellScript = "\"${PODS_ROOT}/Target Support Files/Pods-TranslatorKing/Pods-TranslatorKing-frameworks.sh\"\n";
			showEnvVarsInLog = 0;
		};
		368C40F0279EA47A00D79ECA /* ShellScript */ = {
			isa = PBXShellScriptBuildPhase;
			buildActionMask = 2147483647;
			files = (
			);
			inputFileListPaths = (
			);
			inputPaths = (
			);
			outputFileListPaths = (
			);
			outputPaths = (
			);
			runOnlyForDeploymentPostprocessing = 0;
			shellPath = /bin/sh;
			shellScript = "\"${PODS_ROOT}/SwiftLint/swiftlint\"\n\n";
		};
		BF003451E1403C16485F9A50 /* [CP] Check Pods Manifest.lock */ = {
			isa = PBXShellScriptBuildPhase;
			buildActionMask = 2147483647;
			files = (
			);
			inputFileListPaths = (
			);
			inputPaths = (
				"${PODS_PODFILE_DIR_PATH}/Podfile.lock",
				"${PODS_ROOT}/Manifest.lock",
			);
			name = "[CP] Check Pods Manifest.lock";
			outputFileListPaths = (
			);
			outputPaths = (
				"$(DERIVED_FILE_DIR)/Pods-TranslatorKing-checkManifestLockResult.txt",
			);
			runOnlyForDeploymentPostprocessing = 0;
			shellPath = /bin/sh;
			shellScript = "diff \"${PODS_PODFILE_DIR_PATH}/Podfile.lock\" \"${PODS_ROOT}/Manifest.lock\" > /dev/null\nif [ $? != 0 ] ; then\n    # print error to STDERR\n    echo \"error: The sandbox is not in sync with the Podfile.lock. Run 'pod install' or update your CocoaPods installation.\" >&2\n    exit 1\nfi\n# This output is used by Xcode 'outputs' to avoid re-running this script phase.\necho \"SUCCESS\" > \"${SCRIPT_OUTPUT_FILE_0}\"\n";
			showEnvVarsInLog = 0;
		};
/* End PBXShellScriptBuildPhase section */

/* Begin PBXSourcesBuildPhase section */
		368C40D5279EA33D00D79ECA /* Sources */ = {
			isa = PBXSourcesBuildPhase;
			buildActionMask = 2147483647;
			files = (
				368C40FD279EAB4700D79ECA /* String+Extension.swift in Sources */,
				368C40F4279EA66300D79ECA /* RootTabBarController.swift in Sources */,
				368C40DD279EA33D00D79ECA /* AppDelegate.swift in Sources */,
				368C40DF279EA33D00D79ECA /* SceneDelegate.swift in Sources */,
			);
			runOnlyForDeploymentPostprocessing = 0;
		};
/* End PBXSourcesBuildPhase section */

/* Begin PBXVariantGroup section */
		368C40E7279EA34200D79ECA /* LaunchScreen.storyboard */ = {
			isa = PBXVariantGroup;
			children = (
				368C40E8279EA34200D79ECA /* Base */,
				368C40F5279EAA6000D79ECA /* ko */,
			);
			name = LaunchScreen.storyboard;
			sourceTree = "<group>";
		};
		368C40FA279EAA9E00D79ECA /* Localizable.strings */ = {
			isa = PBXVariantGroup;
			children = (
				368C40F9279EAA9E00D79ECA /* en */,
				368C40FB279EAAA000D79ECA /* ko */,
			);
			name = Localizable.strings;
			sourceTree = "<group>";
		};
/* End PBXVariantGroup section */

/* Begin XCBuildConfiguration section */
		368C40EB279EA34200D79ECA /* Debug */ = {
			isa = XCBuildConfiguration;
			buildSettings = {
				ALWAYS_SEARCH_USER_PATHS = NO;
				CLANG_ANALYZER_LOCALIZABILITY_NONLOCALIZED = YES;
				CLANG_ANALYZER_NONNULL = YES;
				CLANG_ANALYZER_NUMBER_OBJECT_CONVERSION = YES_AGGRESSIVE;
				CLANG_CXX_LANGUAGE_STANDARD = "gnu++17";
				CLANG_CXX_LIBRARY = "libc++";
				CLANG_ENABLE_MODULES = YES;
				CLANG_ENABLE_OBJC_ARC = YES;
				CLANG_ENABLE_OBJC_WEAK = YES;
				CLANG_WARN_BLOCK_CAPTURE_AUTORELEASING = YES;
				CLANG_WARN_BOOL_CONVERSION = YES;
				CLANG_WARN_COMMA = YES;
				CLANG_WARN_CONSTANT_CONVERSION = YES;
				CLANG_WARN_DEPRECATED_OBJC_IMPLEMENTATIONS = YES;
				CLANG_WARN_DIRECT_OBJC_ISA_USAGE = YES_ERROR;
				CLANG_WARN_DOCUMENTATION_COMMENTS = YES;
				CLANG_WARN_EMPTY_BODY = YES;
				CLANG_WARN_ENUM_CONVERSION = YES;
				CLANG_WARN_INFINITE_RECURSION = YES;
				CLANG_WARN_INT_CONVERSION = YES;
				CLANG_WARN_NON_LITERAL_NULL_CONVERSION = YES;
				CLANG_WARN_OBJC_IMPLICIT_RETAIN_SELF = YES;
				CLANG_WARN_OBJC_LITERAL_CONVERSION = YES;
				CLANG_WARN_OBJC_ROOT_CLASS = YES_ERROR;
				CLANG_WARN_QUOTED_INCLUDE_IN_FRAMEWORK_HEADER = YES;
				CLANG_WARN_RANGE_LOOP_ANALYSIS = YES;
				CLANG_WARN_STRICT_PROTOTYPES = YES;
				CLANG_WARN_SUSPICIOUS_MOVE = YES;
				CLANG_WARN_UNGUARDED_AVAILABILITY = YES_AGGRESSIVE;
				CLANG_WARN_UNREACHABLE_CODE = YES;
				CLANG_WARN__DUPLICATE_METHOD_MATCH = YES;
				COPY_PHASE_STRIP = NO;
				DEBUG_INFORMATION_FORMAT = dwarf;
				ENABLE_STRICT_OBJC_MSGSEND = YES;
				ENABLE_TESTABILITY = YES;
				GCC_C_LANGUAGE_STANDARD = gnu11;
				GCC_DYNAMIC_NO_PIC = NO;
				GCC_NO_COMMON_BLOCKS = YES;
				GCC_OPTIMIZATION_LEVEL = 0;
				GCC_PREPROCESSOR_DEFINITIONS = (
					"DEBUG=1",
					"$(inherited)",
				);
				GCC_WARN_64_TO_32_BIT_CONVERSION = YES;
				GCC_WARN_ABOUT_RETURN_TYPE = YES_ERROR;
				GCC_WARN_UNDECLARED_SELECTOR = YES;
				GCC_WARN_UNINITIALIZED_AUTOS = YES_AGGRESSIVE;
				GCC_WARN_UNUSED_FUNCTION = YES;
				GCC_WARN_UNUSED_VARIABLE = YES;
				IPHONEOS_DEPLOYMENT_TARGET = 15.2;
				MTL_ENABLE_DEBUG_INFO = INCLUDE_SOURCE;
				MTL_FAST_MATH = YES;
				ONLY_ACTIVE_ARCH = YES;
				SDKROOT = iphoneos;
				SWIFT_ACTIVE_COMPILATION_CONDITIONS = DEBUG;
				SWIFT_OPTIMIZATION_LEVEL = "-Onone";
			};
			name = Debug;
		};
		368C40EC279EA34200D79ECA /* Release */ = {
			isa = XCBuildConfiguration;
			buildSettings = {
				ALWAYS_SEARCH_USER_PATHS = NO;
				CLANG_ANALYZER_LOCALIZABILITY_NONLOCALIZED = YES;
				CLANG_ANALYZER_NONNULL = YES;
				CLANG_ANALYZER_NUMBER_OBJECT_CONVERSION = YES_AGGRESSIVE;
				CLANG_CXX_LANGUAGE_STANDARD = "gnu++17";
				CLANG_CXX_LIBRARY = "libc++";
				CLANG_ENABLE_MODULES = YES;
				CLANG_ENABLE_OBJC_ARC = YES;
				CLANG_ENABLE_OBJC_WEAK = YES;
				CLANG_WARN_BLOCK_CAPTURE_AUTORELEASING = YES;
				CLANG_WARN_BOOL_CONVERSION = YES;
				CLANG_WARN_COMMA = YES;
				CLANG_WARN_CONSTANT_CONVERSION = YES;
				CLANG_WARN_DEPRECATED_OBJC_IMPLEMENTATIONS = YES;
				CLANG_WARN_DIRECT_OBJC_ISA_USAGE = YES_ERROR;
				CLANG_WARN_DOCUMENTATION_COMMENTS = YES;
				CLANG_WARN_EMPTY_BODY = YES;
				CLANG_WARN_ENUM_CONVERSION = YES;
				CLANG_WARN_INFINITE_RECURSION = YES;
				CLANG_WARN_INT_CONVERSION = YES;
				CLANG_WARN_NON_LITERAL_NULL_CONVERSION = YES;
				CLANG_WARN_OBJC_IMPLICIT_RETAIN_SELF = YES;
				CLANG_WARN_OBJC_LITERAL_CONVERSION = YES;
				CLANG_WARN_OBJC_ROOT_CLASS = YES_ERROR;
				CLANG_WARN_QUOTED_INCLUDE_IN_FRAMEWORK_HEADER = YES;
				CLANG_WARN_RANGE_LOOP_ANALYSIS = YES;
				CLANG_WARN_STRICT_PROTOTYPES = YES;
				CLANG_WARN_SUSPICIOUS_MOVE = YES;
				CLANG_WARN_UNGUARDED_AVAILABILITY = YES_AGGRESSIVE;
				CLANG_WARN_UNREACHABLE_CODE = YES;
				CLANG_WARN__DUPLICATE_METHOD_MATCH = YES;
				COPY_PHASE_STRIP = NO;
				DEBUG_INFORMATION_FORMAT = "dwarf-with-dsym";
				ENABLE_NS_ASSERTIONS = NO;
				ENABLE_STRICT_OBJC_MSGSEND = YES;
				GCC_C_LANGUAGE_STANDARD = gnu11;
				GCC_NO_COMMON_BLOCKS = YES;
				GCC_WARN_64_TO_32_BIT_CONVERSION = YES;
				GCC_WARN_ABOUT_RETURN_TYPE = YES_ERROR;
				GCC_WARN_UNDECLARED_SELECTOR = YES;
				GCC_WARN_UNINITIALIZED_AUTOS = YES_AGGRESSIVE;
				GCC_WARN_UNUSED_FUNCTION = YES;
				GCC_WARN_UNUSED_VARIABLE = YES;
				IPHONEOS_DEPLOYMENT_TARGET = 15.2;
				MTL_ENABLE_DEBUG_INFO = NO;
				MTL_FAST_MATH = YES;
				SDKROOT = iphoneos;
				SWIFT_COMPILATION_MODE = wholemodule;
				SWIFT_OPTIMIZATION_LEVEL = "-O";
				VALIDATE_PRODUCT = YES;
			};
			name = Release;
		};
		368C40EE279EA34200D79ECA /* Debug */ = {
			isa = XCBuildConfiguration;
			baseConfigurationReference = 56B2FEBF4629E162BD3E78A2 /* Pods-TranslatorKing.debug.xcconfig */;
			buildSettings = {
				ASSETCATALOG_COMPILER_APPICON_NAME = AppIcon;
				ASSETCATALOG_COMPILER_GLOBAL_ACCENT_COLOR_NAME = AccentColor;
				CODE_SIGN_STYLE = Automatic;
				CURRENT_PROJECT_VERSION = 1;
				GENERATE_INFOPLIST_FILE = YES;
				INFOPLIST_FILE = TranslatorKing/Info.plist;
				INFOPLIST_KEY_UIApplicationSupportsIndirectInputEvents = YES;
				INFOPLIST_KEY_UILaunchStoryboardName = LaunchScreen;
				INFOPLIST_KEY_UISupportedInterfaceOrientations_iPad = "UIInterfaceOrientationPortrait UIInterfaceOrientationPortraitUpsideDown UIInterfaceOrientationLandscapeLeft UIInterfaceOrientationLandscapeRight";
				INFOPLIST_KEY_UISupportedInterfaceOrientations_iPhone = "UIInterfaceOrientationPortrait UIInterfaceOrientationLandscapeLeft UIInterfaceOrientationLandscapeRight";
				LD_RUNPATH_SEARCH_PATHS = (
					"$(inherited)",
					"@executable_path/Frameworks",
				);
				MARKETING_VERSION = 1.0;
				PRODUCT_BUNDLE_IDENTIFIER = skillist.TranslatorKing;
				PRODUCT_NAME = "$(TARGET_NAME)";
				SWIFT_EMIT_LOC_STRINGS = YES;
				SWIFT_VERSION = 5.0;
				TARGETED_DEVICE_FAMILY = "1,2";
			};
			name = Debug;
		};
		368C40EF279EA34200D79ECA /* Release */ = {
			isa = XCBuildConfiguration;
			baseConfigurationReference = CE2277B458CBE823C4A6F242 /* Pods-TranslatorKing.release.xcconfig */;
			buildSettings = {
				ASSETCATALOG_COMPILER_APPICON_NAME = AppIcon;
				ASSETCATALOG_COMPILER_GLOBAL_ACCENT_COLOR_NAME = AccentColor;
				CODE_SIGN_STYLE = Automatic;
				CURRENT_PROJECT_VERSION = 1;
				GENERATE_INFOPLIST_FILE = YES;
				INFOPLIST_FILE = TranslatorKing/Info.plist;
				INFOPLIST_KEY_UIApplicationSupportsIndirectInputEvents = YES;
				INFOPLIST_KEY_UILaunchStoryboardName = LaunchScreen;
				INFOPLIST_KEY_UISupportedInterfaceOrientations_iPad = "UIInterfaceOrientationPortrait UIInterfaceOrientationPortraitUpsideDown UIInterfaceOrientationLandscapeLeft UIInterfaceOrientationLandscapeRight";
				INFOPLIST_KEY_UISupportedInterfaceOrientations_iPhone = "UIInterfaceOrientationPortrait UIInterfaceOrientationLandscapeLeft UIInterfaceOrientationLandscapeRight";
				LD_RUNPATH_SEARCH_PATHS = (
					"$(inherited)",
					"@executable_path/Frameworks",
				);
				MARKETING_VERSION = 1.0;
				PRODUCT_BUNDLE_IDENTIFIER = skillist.TranslatorKing;
				PRODUCT_NAME = "$(TARGET_NAME)";
				SWIFT_EMIT_LOC_STRINGS = YES;
				SWIFT_VERSION = 5.0;
				TARGETED_DEVICE_FAMILY = "1,2";
			};
			name = Release;
		};
/* End XCBuildConfiguration section */

/* Begin XCConfigurationList section */
		368C40D4279EA33D00D79ECA /* Build configuration list for PBXProject "TranslatorKing" */ = {
			isa = XCConfigurationList;
			buildConfigurations = (
				368C40EB279EA34200D79ECA /* Debug */,
				368C40EC279EA34200D79ECA /* Release */,
			);
			defaultConfigurationIsVisible = 0;
			defaultConfigurationName = Release;
		};
		368C40ED279EA34200D79ECA /* Build configuration list for PBXNativeTarget "TranslatorKing" */ = {
			isa = XCConfigurationList;
			buildConfigurations = (
				368C40EE279EA34200D79ECA /* Debug */,
				368C40EF279EA34200D79ECA /* Release */,
			);
			defaultConfigurationIsVisible = 0;
			defaultConfigurationName = Release;
		};
/* End XCConfigurationList section */
	};
	rootObject = 368C40D1279EA33D00D79ECA /* Project object */;
}
